// !$*UTF8*$!
{
	archiveVersion = 1;
	classes = {
	};
	objectVersion = 50;
	objects = {

/* Begin PBXBuildFile section */
		2A31EBDC2350F41B0095FD26 /* AMGMovieDetailTableViewCell.swift in Sources */ = {isa = PBXBuildFile; fileRef = 2A31EBDB2350F41B0095FD26 /* AMGMovieDetailTableViewCell.swift */; };
		2A35CEC92350D1E4000DF44B /* AppDelegate.m in Sources */ = {isa = PBXBuildFile; fileRef = 2A35CEC82350D1E4000DF44B /* AppDelegate.m */; };
		2A35CECC2350D1E4000DF44B /* SceneDelegate.m in Sources */ = {isa = PBXBuildFile; fileRef = 2A35CECB2350D1E4000DF44B /* SceneDelegate.m */; };
		2A35CED22350D1E4000DF44B /* Main.storyboard in Resources */ = {isa = PBXBuildFile; fileRef = 2A35CED02350D1E4000DF44B /* Main.storyboard */; };
		2A35CED42350D1E6000DF44B /* Assets.xcassets in Resources */ = {isa = PBXBuildFile; fileRef = 2A35CED32350D1E6000DF44B /* Assets.xcassets */; };
		2A35CED72350D1E6000DF44B /* LaunchScreen.storyboard in Resources */ = {isa = PBXBuildFile; fileRef = 2A35CED52350D1E6000DF44B /* LaunchScreen.storyboard */; };
		2A35CEDA2350D1E6000DF44B /* main.m in Sources */ = {isa = PBXBuildFile; fileRef = 2A35CED92350D1E6000DF44B /* main.m */; };
		2A35CEE62350D262000DF44B /* AMGMovie.m in Sources */ = {isa = PBXBuildFile; fileRef = 2A35CEE52350D262000DF44B /* AMGMovie.m */; };
		2A3FEB6C2350DE28000DA0BB /* AMGMovieController.m in Sources */ = {isa = PBXBuildFile; fileRef = 2A3FEB6B2350DE28000DA0BB /* AMGMovieController.m */; };
		2A3FEB712350EF8B000DA0BB /* AMGMovieTableViewController.swift in Sources */ = {isa = PBXBuildFile; fileRef = 2A3FEB702350EF8B000DA0BB /* AMGMovieTableViewController.swift */; };
/* End PBXBuildFile section */

/* Begin PBXFileReference section */
		2A31EBDB2350F41B0095FD26 /* AMGMovieDetailTableViewCell.swift */ = {isa = PBXFileReference; lastKnownFileType = sourcecode.swift; path = AMGMovieDetailTableViewCell.swift; sourceTree = "<group>"; };
		2A35CEC42350D1E4000DF44B /* MovieDBAssessment4.app */ = {isa = PBXFileReference; explicitFileType = wrapper.application; includeInIndex = 0; path = MovieDBAssessment4.app; sourceTree = BUILT_PRODUCTS_DIR; };
		2A35CEC72350D1E4000DF44B /* AppDelegate.h */ = {isa = PBXFileReference; lastKnownFileType = sourcecode.c.h; path = AppDelegate.h; sourceTree = "<group>"; };
		2A35CEC82350D1E4000DF44B /* AppDelegate.m */ = {isa = PBXFileReference; lastKnownFileType = sourcecode.c.objc; path = AppDelegate.m; sourceTree = "<group>"; };
		2A35CECA2350D1E4000DF44B /* SceneDelegate.h */ = {isa = PBXFileReference; lastKnownFileType = sourcecode.c.h; path = SceneDelegate.h; sourceTree = "<group>"; };
		2A35CECB2350D1E4000DF44B /* SceneDelegate.m */ = {isa = PBXFileReference; lastKnownFileType = sourcecode.c.objc; path = SceneDelegate.m; sourceTree = "<group>"; };
		2A35CED12350D1E4000DF44B /* Base */ = {isa = PBXFileReference; lastKnownFileType = file.storyboard; name = Base; path = Base.lproj/Main.storyboard; sourceTree = "<group>"; };
		2A35CED32350D1E6000DF44B /* Assets.xcassets */ = {isa = PBXFileReference; lastKnownFileType = folder.assetcatalog; path = Assets.xcassets; sourceTree = "<group>"; };
		2A35CED62350D1E6000DF44B /* Base */ = {isa = PBXFileReference; lastKnownFileType = file.storyboard; name = Base; path = Base.lproj/LaunchScreen.storyboard; sourceTree = "<group>"; };
		2A35CED82350D1E6000DF44B /* Info.plist */ = {isa = PBXFileReference; lastKnownFileType = text.plist.xml; path = Info.plist; sourceTree = "<group>"; };
		2A35CED92350D1E6000DF44B /* main.m */ = {isa = PBXFileReference; lastKnownFileType = sourcecode.c.objc; path = main.m; sourceTree = "<group>"; };
		2A35CEE42350D262000DF44B /* AMGMovie.h */ = {isa = PBXFileReference; lastKnownFileType = sourcecode.c.h; path = AMGMovie.h; sourceTree = "<group>"; };
		2A35CEE52350D262000DF44B /* AMGMovie.m */ = {isa = PBXFileReference; lastKnownFileType = sourcecode.c.objc; path = AMGMovie.m; sourceTree = "<group>"; };
		2A3FEB6A2350DE28000DA0BB /* AMGMovieController.h */ = {isa = PBXFileReference; lastKnownFileType = sourcecode.c.h; path = AMGMovieController.h; sourceTree = "<group>"; };
		2A3FEB6B2350DE28000DA0BB /* AMGMovieController.m */ = {isa = PBXFileReference; lastKnownFileType = sourcecode.c.objc; path = AMGMovieController.m; sourceTree = "<group>"; };
		2A3FEB6F2350EF8B000DA0BB /* MovieDBAssessment4-Bridging-Header.h */ = {isa = PBXFileReference; lastKnownFileType = sourcecode.c.h; path = "MovieDBAssessment4-Bridging-Header.h"; sourceTree = "<group>"; };
		2A3FEB702350EF8B000DA0BB /* AMGMovieTableViewController.swift */ = {isa = PBXFileReference; lastKnownFileType = sourcecode.swift; path = AMGMovieTableViewController.swift; sourceTree = "<group>"; };
/* End PBXFileReference section */

/* Begin PBXFrameworksBuildPhase section */
		2A35CEC12350D1E4000DF44B /* Frameworks */ = {
			isa = PBXFrameworksBuildPhase;
			buildActionMask = 2147483647;
			files = (
			);
			runOnlyForDeploymentPostprocessing = 0;
		};
/* End PBXFrameworksBuildPhase section */

/* Begin PBXGroup section */
		2A35CEBB2350D1E4000DF44B = {
			isa = PBXGroup;
			children = (
				2A35CEC62350D1E4000DF44B /* MovieDBAssessment4 */,
				2A35CEC52350D1E4000DF44B /* Products */,
			);
			sourceTree = "<group>";
		};
		2A35CEC52350D1E4000DF44B /* Products */ = {
			isa = PBXGroup;
			children = (
				2A35CEC42350D1E4000DF44B /* MovieDBAssessment4.app */,
			);
			name = Products;
			sourceTree = "<group>";
		};
		2A35CEC62350D1E4000DF44B /* MovieDBAssessment4 */ = {
			isa = PBXGroup;
			children = (
				2A35CEE12350D217000DF44B /* Models */,
				2A35CEE22350D21D000DF44B /* Views */,
				2A35CEE32350D222000DF44B /* Controllers */,
				2A35CEE02350D20E000DF44B /* Resources */,
			);
			path = MovieDBAssessment4;
			sourceTree = "<group>";
		};
		2A35CEE02350D20E000DF44B /* Resources */ = {
			isa = PBXGroup;
			children = (
				2A35CEC72350D1E4000DF44B /* AppDelegate.h */,
				2A35CEC82350D1E4000DF44B /* AppDelegate.m */,
				2A35CECA2350D1E4000DF44B /* SceneDelegate.h */,
				2A35CECB2350D1E4000DF44B /* SceneDelegate.m */,
				2A35CED32350D1E6000DF44B /* Assets.xcassets */,
				2A35CED52350D1E6000DF44B /* LaunchScreen.storyboard */,
				2A35CED82350D1E6000DF44B /* Info.plist */,
				2A35CED92350D1E6000DF44B /* main.m */,
			);
			path = Resources;
			sourceTree = "<group>";
		};
		2A35CEE12350D217000DF44B /* Models */ = {
			isa = PBXGroup;
			children = (
				2A35CEE42350D262000DF44B /* AMGMovie.h */,
				2A35CEE52350D262000DF44B /* AMGMovie.m */,
			);
			path = Models;
			sourceTree = "<group>";
		};
		2A35CEE22350D21D000DF44B /* Views */ = {
			isa = PBXGroup;
			children = (
				2A35CED02350D1E4000DF44B /* Main.storyboard */,
			);
			path = Views;
			sourceTree = "<group>";
		};
		2A35CEE32350D222000DF44B /* Controllers */ = {
			isa = PBXGroup;
			children = (
				2A3FEB6F2350EF8B000DA0BB /* MovieDBAssessment4-Bridging-Header.h */,
				2A3FEB6D2350DE2F000DA0BB /* ModelControllers */,
				2A3FEB722350EF97000DA0BB /* ViewControllers */,
			);
			path = Controllers;
			sourceTree = "<group>";
		};
		2A3FEB6D2350DE2F000DA0BB /* ModelControllers */ = {
			isa = PBXGroup;
			children = (
				2A3FEB6A2350DE28000DA0BB /* AMGMovieController.h */,
				2A3FEB6B2350DE28000DA0BB /* AMGMovieController.m */,
			);
			path = ModelControllers;
			sourceTree = "<group>";
		};
		2A3FEB722350EF97000DA0BB /* ViewControllers */ = {
			isa = PBXGroup;
			children = (
				2A3FEB702350EF8B000DA0BB /* AMGMovieTableViewController.swift */,
				2A31EBDB2350F41B0095FD26 /* AMGMovieDetailTableViewCell.swift */,
			);
			path = ViewControllers;
			sourceTree = "<group>";
		};
/* End PBXGroup section */

/* Begin PBXNativeTarget section */
		2A35CEC32350D1E4000DF44B /* MovieDBAssessment4 */ = {
			isa = PBXNativeTarget;
			buildConfigurationList = 2A35CEDD2350D1E6000DF44B /* Build configuration list for PBXNativeTarget "MovieDBAssessment4" */;
			buildPhases = (
				2A35CEC02350D1E4000DF44B /* Sources */,
				2A35CEC12350D1E4000DF44B /* Frameworks */,
				2A35CEC22350D1E4000DF44B /* Resources */,
			);
			buildRules = (
			);
			dependencies = (
			);
			name = MovieDBAssessment4;
			productName = MovieDBAssessment4;
			productReference = 2A35CEC42350D1E4000DF44B /* MovieDBAssessment4.app */;
			productType = "com.apple.product-type.application";
		};
/* End PBXNativeTarget section */

/* Begin PBXProject section */
		2A35CEBC2350D1E4000DF44B /* Project object */ = {
			isa = PBXProject;
			attributes = {
				LastUpgradeCheck = 1110;
				ORGANIZATIONNAME = "Austin Goetz";
				TargetAttributes = {
					2A35CEC32350D1E4000DF44B = {
						CreatedOnToolsVersion = 11.1;
						LastSwiftMigration = 1110;
					};
				};
			};
			buildConfigurationList = 2A35CEBF2350D1E4000DF44B /* Build configuration list for PBXProject "MovieDBAssessment4" */;
			compatibilityVersion = "Xcode 9.3";
			developmentRegion = en;
			hasScannedForEncodings = 0;
			knownRegions = (
				en,
				Base,
			);
			mainGroup = 2A35CEBB2350D1E4000DF44B;
			productRefGroup = 2A35CEC52350D1E4000DF44B /* Products */;
			projectDirPath = "";
			projectRoot = "";
			targets = (
				2A35CEC32350D1E4000DF44B /* MovieDBAssessment4 */,
			);
		};
/* End PBXProject section */

/* Begin PBXResourcesBuildPhase section */
		2A35CEC22350D1E4000DF44B /* Resources */ = {
			isa = PBXResourcesBuildPhase;
			buildActionMask = 2147483647;
			files = (
				2A35CED72350D1E6000DF44B /* LaunchScreen.storyboard in Resources */,
				2A35CED42350D1E6000DF44B /* Assets.xcassets in Resources */,
				2A35CED22350D1E4000DF44B /* Main.storyboard in Resources */,
			);
			runOnlyForDeploymentPostprocessing = 0;
		};
/* End PBXResourcesBuildPhase section */

/* Begin PBXSourcesBuildPhase section */
		2A35CEC02350D1E4000DF44B /* Sources */ = {
			isa = PBXSourcesBuildPhase;
			buildActionMask = 2147483647;
			files = (
				2A35CEC92350D1E4000DF44B /* AppDelegate.m in Sources */,
				2A3FEB6C2350DE28000DA0BB /* AMGMovieController.m in Sources */,
				2A31EBDC2350F41B0095FD26 /* AMGMovieDetailTableViewCell.swift in Sources */,
				2A35CEDA2350D1E6000DF44B /* main.m in Sources */,
				2A35CEE62350D262000DF44B /* AMGMovie.m in Sources */,
				2A3FEB712350EF8B000DA0BB /* AMGMovieTableViewController.swift in Sources */,
				2A35CECC2350D1E4000DF44B /* SceneDelegate.m in Sources */,
			);
			runOnlyForDeploymentPostprocessing = 0;
		};
/* End PBXSourcesBuildPhase section */

/* Begin PBXVariantGroup section */
		2A35CED02350D1E4000DF44B /* Main.storyboard */ = {
			isa = PBXVariantGroup;
			children = (
				2A35CED12350D1E4000DF44B /* Base */,
			);
			name = Main.storyboard;
			sourceTree = "<group>";
		};
		2A35CED52350D1E6000DF44B /* LaunchScreen.storyboard */ = {
			isa = PBXVariantGroup;
			children = (
				2A35CED62350D1E6000DF44B /* Base */,
			);
			name = LaunchScreen.storyboard;
			sourceTree = "<group>";
		};
/* End PBXVariantGroup section */

/* Begin XCBuildConfiguration section */
		2A35CEDB2350D1E6000DF44B /* Debug */ = {
			isa = XCBuildConfiguration;
			buildSettings = {
				ALWAYS_SEARCH_USER_PATHS = NO;
				CLANG_ANALYZER_NONNULL = YES;
				CLANG_ANALYZER_NUMBER_OBJECT_CONVERSION = YES_AGGRESSIVE;
				CLANG_CXX_LANGUAGE_STANDARD = "gnu++14";
				CLANG_CXX_LIBRARY = "libc++";
				CLANG_ENABLE_MODULES = YES;
				CLANG_ENABLE_OBJC_ARC = YES;
				CLANG_ENABLE_OBJC_WEAK = YES;
				CLANG_WARN_BLOCK_CAPTURE_AUTORELEASING = YES;
				CLANG_WARN_BOOL_CONVERSION = YES;
				CLANG_WARN_COMMA = YES;
				CLANG_WARN_CONSTANT_CONVERSION = YES;
				CLANG_WARN_DEPRECATED_OBJC_IMPLEMENTATIONS = YES;
				CLANG_WARN_DIRECT_OBJC_ISA_USAGE = YES_ERROR;
				CLANG_WARN_DOCUMENTATION_COMMENTS = YES;
				CLANG_WARN_EMPTY_BODY = YES;
				CLANG_WARN_ENUM_CONVERSION = YES;
				CLANG_WARN_INFINITE_RECURSION = YES;
				CLANG_WARN_INT_CONVERSION = YES;
				CLANG_WARN_NON_LITERAL_NULL_CONVERSION = YES;
				CLANG_WARN_OBJC_IMPLICIT_RETAIN_SELF = YES;
				CLANG_WARN_OBJC_LITERAL_CONVERSION = YES;
				CLANG_WARN_OBJC_ROOT_CLASS = YES_ERROR;
				CLANG_WARN_RANGE_LOOP_ANALYSIS = YES;
				CLANG_WARN_STRICT_PROTOTYPES = YES;
				CLANG_WARN_SUSPICIOUS_MOVE = YES;
				CLANG_WARN_UNGUARDED_AVAILABILITY = YES_AGGRESSIVE;
				CLANG_WARN_UNREACHABLE_CODE = YES;
				CLANG_WARN__DUPLICATE_METHOD_MATCH = YES;
				COPY_PHASE_STRIP = NO;
				DEBUG_INFORMATION_FORMAT = dwarf;
				ENABLE_STRICT_OBJC_MSGSEND = YES;
				ENABLE_TESTABILITY = YES;
				GCC_C_LANGUAGE_STANDARD = gnu11;
				GCC_DYNAMIC_NO_PIC = NO;
				GCC_NO_COMMON_BLOCKS = YES;
				GCC_OPTIMIZATION_LEVEL = 0;
				GCC_PREPROCESSOR_DEFINITIONS = (
					"DEBUG=1",
					"$(inherited)",
				);
				GCC_WARN_64_TO_32_BIT_CONVERSION = YES;
				GCC_WARN_ABOUT_RETURN_TYPE = YES_ERROR;
				GCC_WARN_UNDECLARED_SELECTOR = YES;
				GCC_WARN_UNINITIALIZED_AUTOS = YES_AGGRESSIVE;
				GCC_WARN_UNUSED_FUNCTION = YES;
				GCC_WARN_UNUSED_VARIABLE = YES;
				IPHONEOS_DEPLOYMENT_TARGET = 13.1;
				MTL_ENABLE_DEBUG_INFO = INCLUDE_SOURCE;
				MTL_FAST_MATH = YES;
				ONLY_ACTIVE_ARCH = YES;
				SDKROOT = iphoneos;
			};
			name = Debug;
		};
		2A35CEDC2350D1E6000DF44B /* Release */ = {
			isa = XCBuildConfiguration;
			buildSettings = {
				ALWAYS_SEARCH_USER_PATHS = NO;
				CLANG_ANALYZER_NONNULL = YES;
				CLANG_ANALYZER_NUMBER_OBJECT_CONVERSION = YES_AGGRESSIVE;
				CLANG_CXX_LANGUAGE_STANDARD = "gnu++14";
				CLANG_CXX_LIBRARY = "libc++";
				CLANG_ENABLE_MODULES = YES;
				CLANG_ENABLE_OBJC_ARC = YES;
				CLANG_ENABLE_OBJC_WEAK = YES;
				CLANG_WARN_BLOCK_CAPTURE_AUTORELEASING = YES;
				CLANG_WARN_BOOL_CONVERSION = YES;
				CLANG_WARN_COMMA = YES;
				CLANG_WARN_CONSTANT_CONVERSION = YES;
				CLANG_WARN_DEPRECATED_OBJC_IMPLEMENTATIONS = YES;
				CLANG_WARN_DIRECT_OBJC_ISA_USAGE = YES_ERROR;
				CLANG_WARN_DOCUMENTATION_COMMENTS = YES;
				CLANG_WARN_EMPTY_BODY = YES;
				CLANG_WARN_ENUM_CONVERSION = YES;
				CLANG_WARN_INFINITE_RECURSION = YES;
				CLANG_WARN_INT_CONVERSION = YES;
				CLANG_WARN_NON_LITERAL_NULL_CONVERSION = YES;
				CLANG_WARN_OBJC_IMPLICIT_RETAIN_SELF = YES;
				CLANG_WARN_OBJC_LITERAL_CONVERSION = YES;
				CLANG_WARN_OBJC_ROOT_CLASS = YES_ERROR;
				CLANG_WARN_RANGE_LOOP_ANALYSIS = YES;
				CLANG_WARN_STRICT_PROTOTYPES = YES;
				CLANG_WARN_SUSPICIOUS_MOVE = YES;
				CLANG_WARN_UNGUARDED_AVAILABILITY = YES_AGGRESSIVE;
				CLANG_WARN_UNREACHABLE_CODE = YES;
				CLANG_WARN__DUPLICATE_METHOD_MATCH = YES;
				COPY_PHASE_STRIP = NO;
				DEBUG_INFORMATION_FORMAT = "dwarf-with-dsym";
				ENABLE_NS_ASSERTIONS = NO;
				ENABLE_STRICT_OBJC_MSGSEND = YES;
				GCC_C_LANGUAGE_STANDARD = gnu11;
				GCC_NO_COMMON_BLOCKS = YES;
				GCC_WARN_64_TO_32_BIT_CONVERSION = YES;
				GCC_WARN_ABOUT_RETURN_TYPE = YES_ERROR;
				GCC_WARN_UNDECLARED_SELECTOR = YES;
				GCC_WARN_UNINITIALIZED_AUTOS = YES_AGGRESSIVE;
				GCC_WARN_UNUSED_FUNCTION = YES;
				GCC_WARN_UNUSED_VARIABLE = YES;
				IPHONEOS_DEPLOYMENT_TARGET = 13.1;
				MTL_ENABLE_DEBUG_INFO = NO;
				MTL_FAST_MATH = YES;
				SDKROOT = iphoneos;
				VALIDATE_PRODUCT = YES;
			};
			name = Release;
		};
		2A35CEDE2350D1E6000DF44B /* Debug */ = {
			isa = XCBuildConfiguration;
			buildSettings = {
				ASSETCATALOG_COMPILER_APPICON_NAME = AppIcon;
				CLANG_ENABLE_MODULES = YES;
				CODE_SIGN_STYLE = Automatic;
				DEVELOPMENT_TEAM = G359J97949;
				INFOPLIST_FILE = "$(SRCROOT)/MovieDBAssessment4/Resources/Info.plist";
				LD_RUNPATH_SEARCH_PATHS = (
					"$(inherited)",
					"@executable_path/Frameworks",
				);
				PRODUCT_BUNDLE_IDENTIFIER = com.AustinGoetz.MovieDBAssessment4;
				PRODUCT_NAME = "$(TARGET_NAME)";
				SWIFT_OBJC_BRIDGING_HEADER = "MovieDBAssessment4/Controllers/MovieDBAssessment4-Bridging-Header.h";
				SWIFT_OPTIMIZATION_LEVEL = "-Onone";
				SWIFT_VERSION = 5.0;
				TARGETED_DEVICE_FAMILY = "1,2";
			};
			name = Debug;
		};
		2A35CEDF2350D1E6000DF44B /* Release */ = {
			isa = XCBuildConfiguration;
			buildSettings = {
				ASSETCATALOG_COMPILER_APPICON_NAME = AppIcon;
				CLANG_ENABLE_MODULES = YES;
				CODE_SIGN_STYLE = Automatic;
				DEVELOPMENT_TEAM = G359J97949;
				INFOPLIST_FILE = "$(SRCROOT)/MovieDBAssessment4/Resources/Info.plist";
				LD_RUNPATH_SEARCH_PATHS = (
					"$(inherited)",
					"@executable_path/Frameworks",
				);
				PRODUCT_BUNDLE_IDENTIFIER = com.AustinGoetz.MovieDBAssessment4;
				PRODUCT_NAME = "$(TARGET_NAME)";
				SWIFT_OBJC_BRIDGING_HEADER = "MovieDBAssessment4/Controllers/MovieDBAssessment4-Bridging-Header.h";
				SWIFT_VERSION = 5.0;
				TARGETED_DEVICE_FAMILY = "1,2";
			};
			name = Release;
		};
/* End XCBuildConfiguration section */

/* Begin XCConfigurationList section */
		2A35CEBF2350D1E4000DF44B /* Build configuration list for PBXProject "MovieDBAssessment4" */ = {
			isa = XCConfigurationList;
			buildConfigurations = (
				2A35CEDB2350D1E6000DF44B /* Debug */,
				2A35CEDC2350D1E6000DF44B /* Release */,
			);
			defaultConfigurationIsVisible = 0;
			defaultConfigurationName = Release;
		};
		2A35CEDD2350D1E6000DF44B /* Build configuration list for PBXNativeTarget "MovieDBAssessment4" */ = {
			isa = XCConfigurationList;
			buildConfigurations = (
				2A35CEDE2350D1E6000DF44B /* Debug */,
				2A35CEDF2350D1E6000DF44B /* Release */,
			);
			defaultConfigurationIsVisible = 0;
			defaultConfigurationName = Release;
		};
/* End XCConfigurationList section */
	};
	rootObject = 2A35CEBC2350D1E4000DF44B /* Project object */;
}
